
Microsoft Visual Studio Solution File, Format Version 12.00
# Visual Studio 15
VisualStudioVersion = 15.0.27703.2042
MinimumVisualStudioVersion = 10.0.40219.1
Project("{FAE04EC0-301F-11D3-BF4B-00C04F79EFBC}") = "PruebaLogica", "PruebaLogica\PruebaLogica.csproj", "{BACAF4FD-4443-443B-86B4-36F2EF9ABE19}"
EndProject
Global
	GlobalSection(SolutionConfigurationPlatforms) = preSolution
		Debug|Any CPU = Debug|Any CPU
		Release|Any CPU = Release|Any CPU
	EndGlobalSection
	GlobalSection(ProjectConfigurationPlatforms) = postSolution
		{BACAF4FD-4443-443B-86B4-36F2EF9ABE19}.Debug|Any CPU.ActiveCfg = Debug|Any CPU
		{BACAF4FD-4443-443B-86B4-36F2EF9ABE19}.Debug|Any CPU.Build.0 = Debug|Any CPU
		{BACAF4FD-4443-443B-86B4-36F2EF9ABE19}.Release|Any CPU.ActiveCfg = Release|Any CPU
		{BACAF4FD-4443-443B-86B4-36F2EF9ABE19}.Release|Any CPU.Build.0 = Release|Any CPU
	EndGlobalSection
	GlobalSection(SolutionProperties) = preSolution
		HideSolutionNode = FALSE
	EndGlobalSection
	GlobalSection(ExtensibilityGlobals) = postSolution
		SolutionGuid = {1290CA1D-6A07-41C6-9D93-BBE8D21A0BDD}
	EndGlobalSection
EndGlobal
